
Microsoft Visual Studio Solution File, Format Version 12.00
# Visual Studio Version 17
VisualStudioVersion = 17.6.33723.286
MinimumVisualStudioVersion = 10.0.40219.1
Project("{FAE04EC0-301F-11D3-BF4B-00C04F79EFBC}") = "Authors-and-Books", "Authors-and-Books\Authors-and-Books.csproj", "{B0B80BD9-3F19-4BA6-90C9-4C101F5EF24A}"
EndProject
Global
	GlobalSection(SolutionConfigurationPlatforms) = preSolution
		Debug|Any CPU = Debug|Any CPU
		Release|Any CPU = Release|Any CPU
	EndGlobalSection
	GlobalSection(ProjectConfigurationPlatforms) = postSolution
		{B0B80BD9-3F19-4BA6-90C9-4C101F5EF24A}.Debug|Any CPU.ActiveCfg = Debug|Any CPU
		{B0B80BD9-3F19-4BA6-90C9-4C101F5EF24A}.Debug|Any CPU.Build.0 = Debug|Any CPU
		{B0B80BD9-3F19-4BA6-90C9-4C101F5EF24A}.Release|Any CPU.ActiveCfg = Release|Any CPU
		{B0B80BD9-3F19-4BA6-90C9-4C101F5EF24A}.Release|Any CPU.Build.0 = Release|Any CPU
	EndGlobalSection
	GlobalSection(SolutionProperties) = preSolution
		HideSolutionNode = FALSE
	EndGlobalSection
	GlobalSection(ExtensibilityGlobals) = postSolution
		SolutionGuid = {9E4CB2FE-EBC8-45E1-B09E-358E18744946}
	EndGlobalSection
EndGlobal
